# This file is automatically @generated by Poetry 1.4.2 and should not be changed by hand.

[[package]]
name = "operation"
version = "0.0.4"
description = "A Railway pattern based operation package"
category = "main"
optional = false
python-versions = ">=3.6"
files = [
    {file = "operation-0.0.4-py3-none-any.whl", hash = "sha256:abf1b03c8a6fd5c573253e8efec3540cb2d3a1e5f18d03a38a3d3cb5662758b8"},
    {file = "operation-0.0.4.tar.gz", hash = "sha256:33bcc8b6c978f0e15eb6d279ccfb96c8cd03c492dca6334191842a1dc6ef486d"},
]

[metadata]
lock-version = "2.0"
python-versions = "^3.10"
content-hash = "2d9a53eece04d97ba7c7084c6998a526d75440756a6ace159411141343ea0614"
